
Microsoft Visual Studio Solution File, Format Version 12.00
# Visual Studio Version 17
VisualStudioVersion = 17.5.33424.131
MinimumVisualStudioVersion = 10.0.40219.1
Project("{9A19103F-16F7-4668-BE54-9A1E7A4F7556}") = "BlazorApp read json to table", "BlazorApp read json to table\BlazorApp read json to table.csproj", "{F8E5DF9A-A72E-43E1-B7E8-F73DA55BC2F0}"
EndProject
Global
	GlobalSection(SolutionConfigurationPlatforms) = preSolution
		Debug|Any CPU = Debug|Any CPU
		Release|Any CPU = Release|Any CPU
	EndGlobalSection
	GlobalSection(ProjectConfigurationPlatforms) = postSolution
		{F8E5DF9A-A72E-43E1-B7E8-F73DA55BC2F0}.Debug|Any CPU.ActiveCfg = Debug|Any CPU
		{F8E5DF9A-A72E-43E1-B7E8-F73DA55BC2F0}.Debug|Any CPU.Build.0 = Debug|Any CPU
		{F8E5DF9A-A72E-43E1-B7E8-F73DA55BC2F0}.Release|Any CPU.ActiveCfg = Release|Any CPU
		{F8E5DF9A-A72E-43E1-B7E8-F73DA55BC2F0}.Release|Any CPU.Build.0 = Release|Any CPU
	EndGlobalSection
	GlobalSection(SolutionProperties) = preSolution
		HideSolutionNode = FALSE
	EndGlobalSection
	GlobalSection(ExtensibilityGlobals) = postSolution
		SolutionGuid = {939048A2-AB17-44E9-8CAF-0F7958C6E0A3}
	EndGlobalSection
EndGlobal
